
Microsoft Visual Studio Solution File, Format Version 12.00
# Visual Studio 2013
VisualStudioVersion = 12.0.31101.0
MinimumVisualStudioVersion = 10.0.40219.1
Project("{8BC9CEB8-8B4A-11D0-8D11-00A0C91BC942}") = "schrac", "schrac.vcxproj", "{C88BBCBA-AE3A-4082-9668-5C7FEBB24806}"
	ProjectSection(ProjectDependencies) = postProject
		{44EAFB7C-87A2-4E7F-BFE7-7BF953FE9D42} = {44EAFB7C-87A2-4E7F-BFE7-7BF953FE9D42}
	EndProjectSection
EndProject
Project("{8BC9CEB8-8B4A-11D0-8D11-00A0C91BC942}") = "checkpoint", "checkpoint\checkpoint.vcxproj", "{44EAFB7C-87A2-4E7F-BFE7-7BF953FE9D42}"
EndProject
Global
	GlobalSection(SolutionConfigurationPlatforms) = preSolution
		Debug|Win32 = Debug|Win32
		Debug|x64 = Debug|x64
		Release_PG|Win32 = Release_PG|Win32
		Release_PG|x64 = Release_PG|x64
		Release|Win32 = Release|Win32
		Release|x64 = Release|x64
	EndGlobalSection
	GlobalSection(ProjectConfigurationPlatforms) = postSolution
		{C88BBCBA-AE3A-4082-9668-5C7FEBB24806}.Debug|Win32.ActiveCfg = Debug|Win32
		{C88BBCBA-AE3A-4082-9668-5C7FEBB24806}.Debug|Win32.Build.0 = Debug|Win32
		{C88BBCBA-AE3A-4082-9668-5C7FEBB24806}.Debug|x64.ActiveCfg = Debug|Win32
		{C88BBCBA-AE3A-4082-9668-5C7FEBB24806}.Release_PG|Win32.ActiveCfg = Release|Win32
		{C88BBCBA-AE3A-4082-9668-5C7FEBB24806}.Release_PG|Win32.Build.0 = Release|Win32
		{C88BBCBA-AE3A-4082-9668-5C7FEBB24806}.Release_PG|x64.ActiveCfg = Release_PG|Win32
		{C88BBCBA-AE3A-4082-9668-5C7FEBB24806}.Release|Win32.ActiveCfg = Release|Win32
		{C88BBCBA-AE3A-4082-9668-5C7FEBB24806}.Release|Win32.Build.0 = Release|Win32
		{C88BBCBA-AE3A-4082-9668-5C7FEBB24806}.Release|x64.ActiveCfg = Release|Win32
		{44EAFB7C-87A2-4E7F-BFE7-7BF953FE9D42}.Debug|Win32.ActiveCfg = Debug|Win32
		{44EAFB7C-87A2-4E7F-BFE7-7BF953FE9D42}.Debug|Win32.Build.0 = Debug|Win32
		{44EAFB7C-87A2-4E7F-BFE7-7BF953FE9D42}.Debug|x64.ActiveCfg = Debug|x64
		{44EAFB7C-87A2-4E7F-BFE7-7BF953FE9D42}.Debug|x64.Build.0 = Debug|x64
		{44EAFB7C-87A2-4E7F-BFE7-7BF953FE9D42}.Release_PG|Win32.ActiveCfg = Release|Win32
		{44EAFB7C-87A2-4E7F-BFE7-7BF953FE9D42}.Release_PG|Win32.Build.0 = Release|Win32
		{44EAFB7C-87A2-4E7F-BFE7-7BF953FE9D42}.Release_PG|x64.ActiveCfg = Release|x64
		{44EAFB7C-87A2-4E7F-BFE7-7BF953FE9D42}.Release_PG|x64.Build.0 = Release|x64
		{44EAFB7C-87A2-4E7F-BFE7-7BF953FE9D42}.Release|Win32.ActiveCfg = Release|Win32
		{44EAFB7C-87A2-4E7F-BFE7-7BF953FE9D42}.Release|Win32.Build.0 = Release|Win32
		{44EAFB7C-87A2-4E7F-BFE7-7BF953FE9D42}.Release|x64.ActiveCfg = Release|x64
		{44EAFB7C-87A2-4E7F-BFE7-7BF953FE9D42}.Release|x64.Build.0 = Release|x64
	EndGlobalSection
	GlobalSection(SolutionProperties) = preSolution
		HideSolutionNode = FALSE
	EndGlobalSection
EndGlobal
