<?xml version="1.0" encoding="utf-8"?>
<Project ToolsVersion="4.0" xmlns="http://schemas.microsoft.com/developer/msbuild/2003">
  <ItemGroup>
    <ClCompile Include="ci_string.cpp" />
    <ClCompile Include="data.cpp" />
    <ClCompile Include="diffsolver.cpp" />
    <ClCompile Include="diffdata.cpp" />
    <ClCompile Include="diracnormalize.cpp" />
    <ClCompile Include="eigenvaluesearch.cpp" />
    <ClCompile Include="energy.cpp" />
    <ClCompile Include="getcomlineoption.cpp" />
    <ClCompile Include="goexit.cpp" />
    <ClCompile Include="normalization.cpp" />
    <ClCompile Include="readinputfile.cpp" />
    <ClCompile Include="rho.cpp" />
    <ClCompile Include="scfloop.cpp" />
    <ClCompile Include="schnormalize.cpp" />
    <ClCompile Include="schracmain.cpp" />
    <ClCompile Include="sdiracnormalize.cpp" />
    <ClCompile Include="simpson.cpp" />
    <ClCompile Include="solvelinearequ.cpp" />
    <ClCompile Include="vhartree.cpp" />
    <ClCompile Include="wavefunctionsave.cpp" />
  </ItemGroup>
  <ItemGroup>
    <ClInclude Include="ci_string.h" />
    <ClInclude Include="data.h" />
    <ClInclude Include="deleter.h" />
    <ClInclude Include="diffsolver.h" />
    <ClInclude Include="diffdata.h" />
    <ClInclude Include="diracnormalize.h" />
    <ClInclude Include="eigenvaluesearch.h" />
    <ClInclude Include="energy.h" />
    <ClInclude Include="getcomlineoption.h" />
    <ClInclude Include="goexit.h" />
    <ClInclude Include="normalization.h" />
    <ClInclude Include="normalize.h" />
    <ClInclude Include="property.h" />
    <ClInclude Include="readinputfile.h" />
    <ClInclude Include="rho.h" />
    <ClInclude Include="scfloop.h" />
    <ClInclude Include="schnormalize.h" />
    <ClInclude Include="sdiracnormalize.h" />
    <ClInclude Include="simpson.h" />
    <ClInclude Include="solvelinearequ.h" />
    <ClInclude Include="vhartree.h" />
    <ClInclude Include="wavefunctionsave.h" />
  </ItemGroup>
</Project>